// !$*UTF8*$!
{
	archiveVersion = 1;
	classes = {
	};
	objectVersion = 46;
	objects = {

/* Begin PBXBuildFile section */
		75001FF81D2A3911002EDF1C /* NSDictionaryExtension.swift in Sources */ = {isa = PBXBuildFile; fileRef = 75001FF71D2A3911002EDF1C /* NSDictionaryExtension.swift */; };
		75CB7C011D26664100742140 /* main.swift in Sources */ = {isa = PBXBuildFile; fileRef = 75CB7C001D26664100742140 /* main.swift */; };
/* End PBXBuildFile section */

/* Begin PBXCopyFilesBuildPhase section */
		75CB7BFB1D26664100742140 /* CopyFiles */ = {
			isa = PBXCopyFilesBuildPhase;
			buildActionMask = 2147483647;
			dstPath = /usr/share/man/man1/;
			dstSubfolderSpec = 0;
			files = (
			);
			runOnlyForDeploymentPostprocessing = 1;
		};
/* End PBXCopyFilesBuildPhase section */

/* Begin PBXFileReference section */
		75001FF51D2A1395002EDF1C /* json.txt */ = {isa = PBXFileReference; fileEncoding = 4; lastKnownFileType = text; name = json.txt; path = ../../json.txt; sourceTree = "<group>"; };
		75001FF71D2A3911002EDF1C /* NSDictionaryExtension.swift */ = {isa = PBXFileReference; fileEncoding = 4; lastKnownFileType = sourcecode.swift; path = NSDictionaryExtension.swift; sourceTree = "<group>"; };
		75001FF91D2A5190002EDF1C /* json.plist */ = {isa = PBXFileReference; fileEncoding = 4; lastKnownFileType = text.plist.xml; name = json.plist; path = ../../json.plist; sourceTree = "<group>"; };
		75001FFA1D2A6B5A002EDF1C /* weibo.plist */ = {isa = PBXFileReference; fileEncoding = 4; lastKnownFileType = text.plist.xml; name = weibo.plist; path = ../../weibo.plist; sourceTree = "<group>"; };
		75520DE21D2FA14000248BDB /* json副本.txt */ = {isa = PBXFileReference; fileEncoding = 4; lastKnownFileType = text; path = "json副本.txt"; sourceTree = "<group>"; };
		75CB7BFD1D26664100742140 /* JsonToPlist */ = {isa = PBXFileReference; explicitFileType = "compiled.mach-o.executable"; includeInIndex = 0; path = JsonToPlist; sourceTree = BUILT_PRODUCTS_DIR; };
		75CB7C001D26664100742140 /* main.swift */ = {isa = PBXFileReference; lastKnownFileType = sourcecode.swift; path = main.swift; sourceTree = "<group>"; };
/* End PBXFileReference section */

/* Begin PBXFrameworksBuildPhase section */
		75CB7BFA1D26664100742140 /* Frameworks */ = {
			isa = PBXFrameworksBuildPhase;
			buildActionMask = 2147483647;
			files = (
			);
			runOnlyForDeploymentPostprocessing = 0;
		};
/* End PBXFrameworksBuildPhase section */

/* Begin PBXGroup section */
		75CB7BF41D26664100742140 = {
			isa = PBXGroup;
			children = (
				75CB7BFF1D26664100742140 /* JsonToPlist */,
				75CB7BFE1D26664100742140 /* Products */,
			);
			sourceTree = "<group>";
		};
		75CB7BFE1D26664100742140 /* Products */ = {
			isa = PBXGroup;
			children = (
				75CB7BFD1D26664100742140 /* JsonToPlist */,
			);
			name = Products;
			sourceTree = "<group>";
		};
		75CB7BFF1D26664100742140 /* JsonToPlist */ = {
			isa = PBXGroup;
			children = (
				75520DE21D2FA14000248BDB /* json副本.txt */,
				75001FFA1D2A6B5A002EDF1C /* weibo.plist */,
				75001FF91D2A5190002EDF1C /* json.plist */,
				75001FF51D2A1395002EDF1C /* json.txt */,
				75CB7C001D26664100742140 /* main.swift */,
				75001FF71D2A3911002EDF1C /* NSDictionaryExtension.swift */,
			);
			path = JsonToPlist;
			sourceTree = "<group>";
		};
/* End PBXGroup section */

/* Begin PBXNativeTarget section */
		75CB7BFC1D26664100742140 /* JsonToPlist */ = {
			isa = PBXNativeTarget;
			buildConfigurationList = 75CB7C041D26664100742140 /* Build configuration list for PBXNativeTarget "JsonToPlist" */;
			buildPhases = (
				75CB7BF91D26664100742140 /* Sources */,
				75CB7BFA1D26664100742140 /* Frameworks */,
				75CB7BFB1D26664100742140 /* CopyFiles */,
			);
			buildRules = (
			);
			dependencies = (
			);
			name = JsonToPlist;
			productName = JsonToPlist;
			productReference = 75CB7BFD1D26664100742140 /* JsonToPlist */;
			productType = "com.apple.product-type.tool";
		};
/* End PBXNativeTarget section */

/* Begin PBXProject section */
		75CB7BF51D26664100742140 /* Project object */ = {
			isa = PBXProject;
			attributes = {
				LastSwiftUpdateCheck = 0730;
				LastUpgradeCheck = 0730;
				ORGANIZATIONNAME = "河南青云信息技术有限公司";
				TargetAttributes = {
					75CB7BFC1D26664100742140 = {
						CreatedOnToolsVersion = 7.3.1;
					};
				};
			};
			buildConfigurationList = 75CB7BF81D26664100742140 /* Build configuration list for PBXProject "JsonToPlist" */;
			compatibilityVersion = "Xcode 3.2";
			developmentRegion = English;
			hasScannedForEncodings = 0;
			knownRegions = (
				en,
			);
			mainGroup = 75CB7BF41D26664100742140;
			productRefGroup = 75CB7BFE1D26664100742140 /* Products */;
			projectDirPath = "";
			projectRoot = "";
			targets = (
				75CB7BFC1D26664100742140 /* JsonToPlist */,
			);
		};
/* End PBXProject section */

/* Begin PBXSourcesBuildPhase section */
		75CB7BF91D26664100742140 /* Sources */ = {
			isa = PBXSourcesBuildPhase;
			buildActionMask = 2147483647;
			files = (
				75001FF81D2A3911002EDF1C /* NSDictionaryExtension.swift in Sources */,
				75CB7C011D26664100742140 /* main.swift in Sources */,
			);
			runOnlyForDeploymentPostprocessing = 0;
		};
/* End PBXSourcesBuildPhase section */

/* Begin XCBuildConfiguration section */
		75CB7C021D26664100742140 /* Debug */ = {
			isa = XCBuildConfiguration;
			buildSettings = {
				ALWAYS_SEARCH_USER_PATHS = NO;
				CLANG_ANALYZER_NONNULL = YES;
				CLANG_CXX_LANGUAGE_STANDARD = "gnu++0x";
				CLANG_CXX_LIBRARY = "libc++";
				CLANG_ENABLE_MODULES = YES;
				CLANG_ENABLE_OBJC_ARC = YES;
				CLANG_WARN_BOOL_CONVERSION = YES;
				CLANG_WARN_CONSTANT_CONVERSION = YES;
				CLANG_WARN_DIRECT_OBJC_ISA_USAGE = YES_ERROR;
				CLANG_WARN_EMPTY_BODY = YES;
				CLANG_WARN_ENUM_CONVERSION = YES;
				CLANG_WARN_INT_CONVERSION = YES;
				CLANG_WARN_OBJC_ROOT_CLASS = YES_ERROR;
				CLANG_WARN_UNREACHABLE_CODE = YES;
				CLANG_WARN__DUPLICATE_METHOD_MATCH = YES;
				CODE_SIGN_IDENTITY = "-";
				COPY_PHASE_STRIP = NO;
				DEBUG_INFORMATION_FORMAT = dwarf;
				ENABLE_STRICT_OBJC_MSGSEND = YES;
				ENABLE_TESTABILITY = YES;
				GCC_C_LANGUAGE_STANDARD = gnu99;
				GCC_DYNAMIC_NO_PIC = NO;
				GCC_NO_COMMON_BLOCKS = YES;
				GCC_OPTIMIZATION_LEVEL = 0;
				GCC_PREPROCESSOR_DEFINITIONS = (
					"DEBUG=1",
					"$(inherited)",
				);
				GCC_WARN_64_TO_32_BIT_CONVERSION = YES;
				GCC_WARN_ABOUT_RETURN_TYPE = YES_ERROR;
				GCC_WARN_UNDECLARED_SELECTOR = YES;
				GCC_WARN_UNINITIALIZED_AUTOS = YES_AGGRESSIVE;
				GCC_WARN_UNUSED_FUNCTION = YES;
				GCC_WARN_UNUSED_VARIABLE = YES;
				MACOSX_DEPLOYMENT_TARGET = 10.11;
				MTL_ENABLE_DEBUG_INFO = YES;
				ONLY_ACTIVE_ARCH = YES;
				SDKROOT = macosx;
				SWIFT_OPTIMIZATION_LEVEL = "-Onone";
			};
			name = Debug;
		};
		75CB7C031D26664100742140 /* Release */ = {
			isa = XCBuildConfiguration;
			buildSettings = {
				ALWAYS_SEARCH_USER_PATHS = NO;
				CLANG_ANALYZER_NONNULL = YES;
				CLANG_CXX_LANGUAGE_STANDARD = "gnu++0x";
				CLANG_CXX_LIBRARY = "libc++";
				CLANG_ENABLE_MODULES = YES;
				CLANG_ENABLE_OBJC_ARC = YES;
				CLANG_WARN_BOOL_CONVERSION = YES;
				CLANG_WARN_CONSTANT_CONVERSION = YES;
				CLANG_WARN_DIRECT_OBJC_ISA_USAGE = YES_ERROR;
				CLANG_WARN_EMPTY_BODY = YES;
				CLANG_WARN_ENUM_CONVERSION = YES;
				CLANG_WARN_INT_CONVERSION = YES;
				CLANG_WARN_OBJC_ROOT_CLASS = YES_ERROR;
				CLANG_WARN_UNREACHABLE_CODE = YES;
				CLANG_WARN__DUPLICATE_METHOD_MATCH = YES;
				CODE_SIGN_IDENTITY = "-";
				COPY_PHASE_STRIP = NO;
				DEBUG_INFORMATION_FORMAT = "dwarf-with-dsym";
				ENABLE_NS_ASSERTIONS = NO;
				ENABLE_STRICT_OBJC_MSGSEND = YES;
				GCC_C_LANGUAGE_STANDARD = gnu99;
				GCC_NO_COMMON_BLOCKS = YES;
				GCC_WARN_64_TO_32_BIT_CONVERSION = YES;
				GCC_WARN_ABOUT_RETURN_TYPE = YES_ERROR;
				GCC_WARN_UNDECLARED_SELECTOR = YES;
				GCC_WARN_UNINITIALIZED_AUTOS = YES_AGGRESSIVE;
				GCC_WARN_UNUSED_FUNCTION = YES;
				GCC_WARN_UNUSED_VARIABLE = YES;
				MACOSX_DEPLOYMENT_TARGET = 10.11;
				MTL_ENABLE_DEBUG_INFO = NO;
				SDKROOT = macosx;
			};
			name = Release;
		};
		75CB7C051D26664100742140 /* Debug */ = {
			isa = XCBuildConfiguration;
			buildSettings = {
				PRODUCT_NAME = "$(TARGET_NAME)";
			};
			name = Debug;
		};
		75CB7C061D26664100742140 /* Release */ = {
			isa = XCBuildConfiguration;
			buildSettings = {
				PRODUCT_NAME = "$(TARGET_NAME)";
			};
			name = Release;
		};
/* End XCBuildConfiguration section */

/* Begin XCConfigurationList section */
		75CB7BF81D26664100742140 /* Build configuration list for PBXProject "JsonToPlist" */ = {
			isa = XCConfigurationList;
			buildConfigurations = (
				75CB7C021D26664100742140 /* Debug */,
				75CB7C031D26664100742140 /* Release */,
			);
			defaultConfigurationIsVisible = 0;
			defaultConfigurationName = Release;
		};
		75CB7C041D26664100742140 /* Build configuration list for PBXNativeTarget "JsonToPlist" */ = {
			isa = XCConfigurationList;
			buildConfigurations = (
				75CB7C051D26664100742140 /* Debug */,
				75CB7C061D26664100742140 /* Release */,
			);
			defaultConfigurationIsVisible = 0;
			defaultConfigurationName = Release;
		};
/* End XCConfigurationList section */
	};
	rootObject = 75CB7BF51D26664100742140 /* Project object */;
}
